{
  "version": "4",
  "specifiers": {
    "jsr:@supabase/supabase-js@2": "2.48.1"
  },
  "jsr": {
    "@supabase/supabase-js@2.48.1": {
      "integrity": "747e85c2a546efcc9f84b343b08e10e3818d468ae214506b59dc65a36fd2d702"
    }
  },
  "workspace": {
    "packageJson": {
      "dependencies": [
        "npm:@eslint/js@^9.19.0",
        "npm:@quasar/app-vite@^2.0.8",
        "npm:@quasar/extras@^1.16.16",
        "npm:@stripe/stripe-js@^5.6.0",
        "npm:@supabase/supabase-js@^2.48.1",
        "npm:@types/node@^22.13.0",
        "npm:@vue/eslint-config-prettier@^10.2.0",
        "npm:@vue/eslint-config-typescript@^14.3.0",
        "npm:autoprefixer@^10.4.20",
        "npm:eslint-plugin-vue@^9.32.0",
        "npm:eslint@^9.19.0",
        "npm:globals@^15.14.0",
        "npm:pinia@^2.3.1",
        "npm:prettier@^3.4.2",
        "npm:quasar@^2.17.7",
        "npm:typescript@5.7.3",
        "npm:vite-plugin-checker@0.8",
        "npm:vue-router@^4.5.0",
        "npm:vue-tsc@^2.1.10",
        "npm:vue@^3.5.13"
      ]
    }
  }
}
